
Microsoft Visual Studio Solution File, Format Version 12.00
Project("{FAE04EC0-301F-11D3-BF4B-00C04F79EFBC}") = "Practice1.Task1A", "Practice1.Task1A\Practice1.Task1A.csproj", "{35EFE217-CC05-428F-AC04-A4548F1B9844}"
EndProject
Project("{2150E333-8FDC-42A3-9474-1A3956D46DE8}") = "Practice1", "Practice1", "{4EF4E435-A9C0-4695-8F8F-750EBD806458}"
EndProject
Project("{FAE04EC0-301F-11D3-BF4B-00C04F79EFBC}") = "Practice1.Task1B", "Practice1.Task1B\Practice1.Task1B.csproj", "{3A6EE1FD-7486-4C15-8F5B-CEA01AAD775E}"
EndProject
Project("{FAE04EC0-301F-11D3-BF4B-00C04F79EFBC}") = "Practice1.Task1", "Practice1.Task1\Practice1.Task1.csproj", "{C95DFE45-152C-4FE6-AFC2-BB08451321CF}"
EndProject
Project("{FAE04EC0-301F-11D3-BF4B-00C04F79EFBC}") = "Practice1.Task2", "Practice1.Task2\Practice1.Task2.csproj", "{20CD2123-6EF9-4788-8961-BFA0366A282B}"
EndProject
Project("{FAE04EC0-301F-11D3-BF4B-00C04F79EFBC}") = "Practice1.Task3", "Practice1.Task3\Practice1.Task3.csproj", "{9DC1DF50-0E6A-4D72-BC16-6988E82CA71D}"
EndProject
Project("{FAE04EC0-301F-11D3-BF4B-00C04F79EFBC}") = "Practice1.Task4", "Practice1.Task4\Practice1.Task4.csproj", "{9F046D12-8A16-4BC0-8ABC-13E75A5E5336}"
EndProject
Project("{FAE04EC0-301F-11D3-BF4B-00C04F79EFBC}") = "Practice1.Task5", "Practice1.Task5\Practice1.Task5.csproj", "{1868E73F-4897-4569-9A4F-C3FEE7A7DCD6}"
EndProject
Project("{FAE04EC0-301F-11D3-BF4B-00C04F79EFBC}") = "Practice1.Task6", "Practice1.Task6\Practice1.Task6.csproj", "{BFDBB70E-CE72-4E35-B979-4E297396A265}"
EndProject
Project("{2150E333-8FDC-42A3-9474-1A3956D46DE8}") = "Practice2", "Practice2", "{0BD67924-CDF6-43C3-ABBC-D2CA37F43EB8}"
EndProject
Project("{FAE04EC0-301F-11D3-BF4B-00C04F79EFBC}") = "Practice2.Task1", "Practice2.Task1\Practice2.Task1.csproj", "{55CF8789-919D-4001-8B06-B0FC93F3A72A}"
EndProject
Project("{FAE04EC0-301F-11D3-BF4B-00C04F79EFBC}") = "Practice2.Task2", "Practice2.Task2\Practice2.Task2.csproj", "{55599BD6-6D4C-4F4D-8F95-9398F8B9137D}"
EndProject
Project("{FAE04EC0-301F-11D3-BF4B-00C04F79EFBC}") = "Practice2.Task3", "Practice2.Task3\Practice2.Task3.csproj", "{0938A31B-A435-4675-9A3F-4472B1423E32}"
EndProject
Project("{FAE04EC0-301F-11D3-BF4B-00C04F79EFBC}") = "Practice2.Task4", "Practice2.Task4\Practice2.Task4.csproj", "{28E88E79-D63E-4A60-96DC-5D3E513F663D}"
EndProject
Project("{FAE04EC0-301F-11D3-BF4B-00C04F79EFBC}") = "Practice2.Task5", "Practice2.Task5\Practice2.Task5.csproj", "{44661481-3096-4669-9C1C-0397725DDEB5}"
EndProject
Project("{2150E333-8FDC-42A3-9474-1A3956D46DE8}") = "Practice3", "Practice3", "{361DB7BE-4327-4AE0-ABD3-C5E5FBB140C1}"
EndProject
Project("{FAE04EC0-301F-11D3-BF4B-00C04F79EFBC}") = "Practice3.Task1", "Practice3.Task1\Practice3.Task1.csproj", "{E2B4C4B3-AC4E-4CE6-BF00-ED268262DA4E}"
EndProject
Project("{FAE04EC0-301F-11D3-BF4B-00C04F79EFBC}") = "Practice3.Task2", "Practice3.Task2\Practice3.Task2.csproj", "{B33679E9-D03D-4101-953D-6EDCEA2E36B1}"
EndProject
Project("{FAE04EC0-301F-11D3-BF4B-00C04F79EFBC}") = "Practice3.Task3", "Practice3.Task3\Practice3.Task3.csproj", "{EA3F6CD4-5F50-463C-81A1-F2DC00062183}"
EndProject
Project("{FAE04EC0-301F-11D3-BF4B-00C04F79EFBC}") = "Practice3.Task4", "Practice3.Task4\Practice3.Task4.csproj", "{BB62BDCA-4AFA-438D-8D29-180344F84DFF}"
EndProject
Project("{FAE04EC0-301F-11D3-BF4B-00C04F79EFBC}") = "Practice3.Task5", "Practice3.Task5\Practice3.Task5.csproj", "{C5F98ADD-A354-4050-B921-887ED9F33A6B}"
EndProject
Project("{FAE04EC0-301F-11D3-BF4B-00C04F79EFBC}") = "Practice3.Task6", "Practice3.Task6\Practice3.Task6.csproj", "{EE22A84E-0D49-4F86-B6F9-F44FF3D28A41}"
EndProject
Project("{FAE04EC0-301F-11D3-BF4B-00C04F79EFBC}") = "Practice3.Task7", "Practice3.Task7\Practice3.Task7.csproj", "{B1D432E5-15D2-4CEC-BAC1-39BE8B1009A1}"
EndProject
Project("{2150E333-8FDC-42A3-9474-1A3956D46DE8}") = "Practice4", "Practice4", "{889B3CEE-588B-4B38-A0D9-AFD99B4E57A3}"
EndProject
Project("{2150E333-8FDC-42A3-9474-1A3956D46DE8}") = "Practice5", "Practice5", "{94B3BBCD-71C9-4829-B609-268185A16F77}"
EndProject
Project("{FAE04EC0-301F-11D3-BF4B-00C04F79EFBC}") = "Practice5.Task1", "Practice5.Task1\Practice5.Task1.csproj", "{4BD2930A-24F2-44A1-BE1D-71B54ABBD255}"
EndProject
Project("{2150E333-8FDC-42A3-9474-1A3956D46DE8}") = "Practice8", "Practice8", "{FAC50057-F09B-4F3C-BA65-E065E1BFBFD2}"
EndProject
Project("{FAE04EC0-301F-11D3-BF4B-00C04F79EFBC}") = "Practice8.Task1", "Practice8.Task1\Practice8.Task1.csproj", "{E52EB7CA-6AD0-4D72-80E5-5B7AACF2D2B6}"
EndProject
Project("{2150E333-8FDC-42A3-9474-1A3956D46DE8}") = "Practice9", "Practice9", "{CCF86FA4-25F2-489E-8C6E-36EF4BCE99EF}"
EndProject
Project("{FAE04EC0-301F-11D3-BF4B-00C04F79EFBC}") = "Practice9.Task1", "Practice9.Task1\Practice9.Task1.csproj", "{4E8A1B65-9BCE-406E-BAF5-660284B358B8}"
EndProject
Global
	GlobalSection(SolutionConfigurationPlatforms) = preSolution
		Debug|Any CPU = Debug|Any CPU
		Release|Any CPU = Release|Any CPU
	EndGlobalSection
	GlobalSection(ProjectConfigurationPlatforms) = postSolution
		{35EFE217-CC05-428F-AC04-A4548F1B9844}.Debug|Any CPU.ActiveCfg = Debug|Any CPU
		{35EFE217-CC05-428F-AC04-A4548F1B9844}.Debug|Any CPU.Build.0 = Debug|Any CPU
		{35EFE217-CC05-428F-AC04-A4548F1B9844}.Release|Any CPU.ActiveCfg = Release|Any CPU
		{35EFE217-CC05-428F-AC04-A4548F1B9844}.Release|Any CPU.Build.0 = Release|Any CPU
		{3A6EE1FD-7486-4C15-8F5B-CEA01AAD775E}.Debug|Any CPU.ActiveCfg = Debug|Any CPU
		{3A6EE1FD-7486-4C15-8F5B-CEA01AAD775E}.Debug|Any CPU.Build.0 = Debug|Any CPU
		{3A6EE1FD-7486-4C15-8F5B-CEA01AAD775E}.Release|Any CPU.ActiveCfg = Release|Any CPU
		{3A6EE1FD-7486-4C15-8F5B-CEA01AAD775E}.Release|Any CPU.Build.0 = Release|Any CPU
		{C95DFE45-152C-4FE6-AFC2-BB08451321CF}.Debug|Any CPU.ActiveCfg = Debug|Any CPU
		{C95DFE45-152C-4FE6-AFC2-BB08451321CF}.Debug|Any CPU.Build.0 = Debug|Any CPU
		{C95DFE45-152C-4FE6-AFC2-BB08451321CF}.Release|Any CPU.ActiveCfg = Release|Any CPU
		{C95DFE45-152C-4FE6-AFC2-BB08451321CF}.Release|Any CPU.Build.0 = Release|Any CPU
		{20CD2123-6EF9-4788-8961-BFA0366A282B}.Debug|Any CPU.ActiveCfg = Debug|Any CPU
		{20CD2123-6EF9-4788-8961-BFA0366A282B}.Debug|Any CPU.Build.0 = Debug|Any CPU
		{20CD2123-6EF9-4788-8961-BFA0366A282B}.Release|Any CPU.ActiveCfg = Release|Any CPU
		{20CD2123-6EF9-4788-8961-BFA0366A282B}.Release|Any CPU.Build.0 = Release|Any CPU
		{9DC1DF50-0E6A-4D72-BC16-6988E82CA71D}.Debug|Any CPU.ActiveCfg = Debug|Any CPU
		{9DC1DF50-0E6A-4D72-BC16-6988E82CA71D}.Debug|Any CPU.Build.0 = Debug|Any CPU
		{9DC1DF50-0E6A-4D72-BC16-6988E82CA71D}.Release|Any CPU.ActiveCfg = Release|Any CPU
		{9DC1DF50-0E6A-4D72-BC16-6988E82CA71D}.Release|Any CPU.Build.0 = Release|Any CPU
		{9F046D12-8A16-4BC0-8ABC-13E75A5E5336}.Debug|Any CPU.ActiveCfg = Debug|Any CPU
		{9F046D12-8A16-4BC0-8ABC-13E75A5E5336}.Debug|Any CPU.Build.0 = Debug|Any CPU
		{9F046D12-8A16-4BC0-8ABC-13E75A5E5336}.Release|Any CPU.ActiveCfg = Release|Any CPU
		{9F046D12-8A16-4BC0-8ABC-13E75A5E5336}.Release|Any CPU.Build.0 = Release|Any CPU
		{1868E73F-4897-4569-9A4F-C3FEE7A7DCD6}.Debug|Any CPU.ActiveCfg = Debug|Any CPU
		{1868E73F-4897-4569-9A4F-C3FEE7A7DCD6}.Debug|Any CPU.Build.0 = Debug|Any CPU
		{1868E73F-4897-4569-9A4F-C3FEE7A7DCD6}.Release|Any CPU.ActiveCfg = Release|Any CPU
		{1868E73F-4897-4569-9A4F-C3FEE7A7DCD6}.Release|Any CPU.Build.0 = Release|Any CPU
		{BFDBB70E-CE72-4E35-B979-4E297396A265}.Debug|Any CPU.ActiveCfg = Debug|Any CPU
		{BFDBB70E-CE72-4E35-B979-4E297396A265}.Debug|Any CPU.Build.0 = Debug|Any CPU
		{BFDBB70E-CE72-4E35-B979-4E297396A265}.Release|Any CPU.ActiveCfg = Release|Any CPU
		{BFDBB70E-CE72-4E35-B979-4E297396A265}.Release|Any CPU.Build.0 = Release|Any CPU
		{55CF8789-919D-4001-8B06-B0FC93F3A72A}.Debug|Any CPU.ActiveCfg = Debug|Any CPU
		{55CF8789-919D-4001-8B06-B0FC93F3A72A}.Debug|Any CPU.Build.0 = Debug|Any CPU
		{55CF8789-919D-4001-8B06-B0FC93F3A72A}.Release|Any CPU.ActiveCfg = Release|Any CPU
		{55CF8789-919D-4001-8B06-B0FC93F3A72A}.Release|Any CPU.Build.0 = Release|Any CPU
		{55599BD6-6D4C-4F4D-8F95-9398F8B9137D}.Debug|Any CPU.ActiveCfg = Debug|Any CPU
		{55599BD6-6D4C-4F4D-8F95-9398F8B9137D}.Debug|Any CPU.Build.0 = Debug|Any CPU
		{55599BD6-6D4C-4F4D-8F95-9398F8B9137D}.Release|Any CPU.ActiveCfg = Release|Any CPU
		{55599BD6-6D4C-4F4D-8F95-9398F8B9137D}.Release|Any CPU.Build.0 = Release|Any CPU
		{0938A31B-A435-4675-9A3F-4472B1423E32}.Debug|Any CPU.ActiveCfg = Debug|Any CPU
		{0938A31B-A435-4675-9A3F-4472B1423E32}.Debug|Any CPU.Build.0 = Debug|Any CPU
		{0938A31B-A435-4675-9A3F-4472B1423E32}.Release|Any CPU.ActiveCfg = Release|Any CPU
		{0938A31B-A435-4675-9A3F-4472B1423E32}.Release|Any CPU.Build.0 = Release|Any CPU
		{28E88E79-D63E-4A60-96DC-5D3E513F663D}.Debug|Any CPU.ActiveCfg = Debug|Any CPU
		{28E88E79-D63E-4A60-96DC-5D3E513F663D}.Debug|Any CPU.Build.0 = Debug|Any CPU
		{28E88E79-D63E-4A60-96DC-5D3E513F663D}.Release|Any CPU.ActiveCfg = Release|Any CPU
		{28E88E79-D63E-4A60-96DC-5D3E513F663D}.Release|Any CPU.Build.0 = Release|Any CPU
		{44661481-3096-4669-9C1C-0397725DDEB5}.Debug|Any CPU.ActiveCfg = Debug|Any CPU
		{44661481-3096-4669-9C1C-0397725DDEB5}.Debug|Any CPU.Build.0 = Debug|Any CPU
		{44661481-3096-4669-9C1C-0397725DDEB5}.Release|Any CPU.ActiveCfg = Release|Any CPU
		{44661481-3096-4669-9C1C-0397725DDEB5}.Release|Any CPU.Build.0 = Release|Any CPU
		{E2B4C4B3-AC4E-4CE6-BF00-ED268262DA4E}.Debug|Any CPU.ActiveCfg = Debug|Any CPU
		{E2B4C4B3-AC4E-4CE6-BF00-ED268262DA4E}.Debug|Any CPU.Build.0 = Debug|Any CPU
		{E2B4C4B3-AC4E-4CE6-BF00-ED268262DA4E}.Release|Any CPU.ActiveCfg = Release|Any CPU
		{E2B4C4B3-AC4E-4CE6-BF00-ED268262DA4E}.Release|Any CPU.Build.0 = Release|Any CPU
		{B33679E9-D03D-4101-953D-6EDCEA2E36B1}.Debug|Any CPU.ActiveCfg = Debug|Any CPU
		{B33679E9-D03D-4101-953D-6EDCEA2E36B1}.Debug|Any CPU.Build.0 = Debug|Any CPU
		{B33679E9-D03D-4101-953D-6EDCEA2E36B1}.Release|Any CPU.ActiveCfg = Release|Any CPU
		{B33679E9-D03D-4101-953D-6EDCEA2E36B1}.Release|Any CPU.Build.0 = Release|Any CPU
		{EA3F6CD4-5F50-463C-81A1-F2DC00062183}.Debug|Any CPU.ActiveCfg = Debug|Any CPU
		{EA3F6CD4-5F50-463C-81A1-F2DC00062183}.Debug|Any CPU.Build.0 = Debug|Any CPU
		{EA3F6CD4-5F50-463C-81A1-F2DC00062183}.Release|Any CPU.ActiveCfg = Release|Any CPU
		{EA3F6CD4-5F50-463C-81A1-F2DC00062183}.Release|Any CPU.Build.0 = Release|Any CPU
		{BB62BDCA-4AFA-438D-8D29-180344F84DFF}.Debug|Any CPU.ActiveCfg = Debug|Any CPU
		{BB62BDCA-4AFA-438D-8D29-180344F84DFF}.Debug|Any CPU.Build.0 = Debug|Any CPU
		{BB62BDCA-4AFA-438D-8D29-180344F84DFF}.Release|Any CPU.ActiveCfg = Release|Any CPU
		{BB62BDCA-4AFA-438D-8D29-180344F84DFF}.Release|Any CPU.Build.0 = Release|Any CPU
		{C5F98ADD-A354-4050-B921-887ED9F33A6B}.Debug|Any CPU.ActiveCfg = Debug|Any CPU
		{C5F98ADD-A354-4050-B921-887ED9F33A6B}.Debug|Any CPU.Build.0 = Debug|Any CPU
		{C5F98ADD-A354-4050-B921-887ED9F33A6B}.Release|Any CPU.ActiveCfg = Release|Any CPU
		{C5F98ADD-A354-4050-B921-887ED9F33A6B}.Release|Any CPU.Build.0 = Release|Any CPU
		{EE22A84E-0D49-4F86-B6F9-F44FF3D28A41}.Debug|Any CPU.ActiveCfg = Debug|Any CPU
		{EE22A84E-0D49-4F86-B6F9-F44FF3D28A41}.Debug|Any CPU.Build.0 = Debug|Any CPU
		{EE22A84E-0D49-4F86-B6F9-F44FF3D28A41}.Release|Any CPU.ActiveCfg = Release|Any CPU
		{EE22A84E-0D49-4F86-B6F9-F44FF3D28A41}.Release|Any CPU.Build.0 = Release|Any CPU
		{B1D432E5-15D2-4CEC-BAC1-39BE8B1009A1}.Debug|Any CPU.ActiveCfg = Debug|Any CPU
		{B1D432E5-15D2-4CEC-BAC1-39BE8B1009A1}.Debug|Any CPU.Build.0 = Debug|Any CPU
		{B1D432E5-15D2-4CEC-BAC1-39BE8B1009A1}.Release|Any CPU.ActiveCfg = Release|Any CPU
		{B1D432E5-15D2-4CEC-BAC1-39BE8B1009A1}.Release|Any CPU.Build.0 = Release|Any CPU
		{4BD2930A-24F2-44A1-BE1D-71B54ABBD255}.Debug|Any CPU.ActiveCfg = Debug|Any CPU
		{4BD2930A-24F2-44A1-BE1D-71B54ABBD255}.Debug|Any CPU.Build.0 = Debug|Any CPU
		{4BD2930A-24F2-44A1-BE1D-71B54ABBD255}.Release|Any CPU.ActiveCfg = Release|Any CPU
		{4BD2930A-24F2-44A1-BE1D-71B54ABBD255}.Release|Any CPU.Build.0 = Release|Any CPU
		{E52EB7CA-6AD0-4D72-80E5-5B7AACF2D2B6}.Debug|Any CPU.ActiveCfg = Debug|Any CPU
		{E52EB7CA-6AD0-4D72-80E5-5B7AACF2D2B6}.Debug|Any CPU.Build.0 = Debug|Any CPU
		{E52EB7CA-6AD0-4D72-80E5-5B7AACF2D2B6}.Release|Any CPU.ActiveCfg = Release|Any CPU
		{E52EB7CA-6AD0-4D72-80E5-5B7AACF2D2B6}.Release|Any CPU.Build.0 = Release|Any CPU
		{4E8A1B65-9BCE-406E-BAF5-660284B358B8}.Debug|Any CPU.ActiveCfg = Debug|Any CPU
		{4E8A1B65-9BCE-406E-BAF5-660284B358B8}.Debug|Any CPU.Build.0 = Debug|Any CPU
		{4E8A1B65-9BCE-406E-BAF5-660284B358B8}.Release|Any CPU.ActiveCfg = Release|Any CPU
		{4E8A1B65-9BCE-406E-BAF5-660284B358B8}.Release|Any CPU.Build.0 = Release|Any CPU
	EndGlobalSection
	GlobalSection(NestedProjects) = preSolution
		{35EFE217-CC05-428F-AC04-A4548F1B9844} = {4EF4E435-A9C0-4695-8F8F-750EBD806458}
		{3A6EE1FD-7486-4C15-8F5B-CEA01AAD775E} = {4EF4E435-A9C0-4695-8F8F-750EBD806458}
		{C95DFE45-152C-4FE6-AFC2-BB08451321CF} = {4EF4E435-A9C0-4695-8F8F-750EBD806458}
		{20CD2123-6EF9-4788-8961-BFA0366A282B} = {4EF4E435-A9C0-4695-8F8F-750EBD806458}
		{9DC1DF50-0E6A-4D72-BC16-6988E82CA71D} = {4EF4E435-A9C0-4695-8F8F-750EBD806458}
		{9F046D12-8A16-4BC0-8ABC-13E75A5E5336} = {4EF4E435-A9C0-4695-8F8F-750EBD806458}
		{1868E73F-4897-4569-9A4F-C3FEE7A7DCD6} = {4EF4E435-A9C0-4695-8F8F-750EBD806458}
		{BFDBB70E-CE72-4E35-B979-4E297396A265} = {4EF4E435-A9C0-4695-8F8F-750EBD806458}
		{55CF8789-919D-4001-8B06-B0FC93F3A72A} = {0BD67924-CDF6-43C3-ABBC-D2CA37F43EB8}
		{55599BD6-6D4C-4F4D-8F95-9398F8B9137D} = {0BD67924-CDF6-43C3-ABBC-D2CA37F43EB8}
		{0938A31B-A435-4675-9A3F-4472B1423E32} = {0BD67924-CDF6-43C3-ABBC-D2CA37F43EB8}
		{28E88E79-D63E-4A60-96DC-5D3E513F663D} = {0BD67924-CDF6-43C3-ABBC-D2CA37F43EB8}
		{44661481-3096-4669-9C1C-0397725DDEB5} = {0BD67924-CDF6-43C3-ABBC-D2CA37F43EB8}
		{E2B4C4B3-AC4E-4CE6-BF00-ED268262DA4E} = {361DB7BE-4327-4AE0-ABD3-C5E5FBB140C1}
		{B33679E9-D03D-4101-953D-6EDCEA2E36B1} = {361DB7BE-4327-4AE0-ABD3-C5E5FBB140C1}
		{EA3F6CD4-5F50-463C-81A1-F2DC00062183} = {361DB7BE-4327-4AE0-ABD3-C5E5FBB140C1}
		{BB62BDCA-4AFA-438D-8D29-180344F84DFF} = {361DB7BE-4327-4AE0-ABD3-C5E5FBB140C1}
		{C5F98ADD-A354-4050-B921-887ED9F33A6B} = {361DB7BE-4327-4AE0-ABD3-C5E5FBB140C1}
		{EE22A84E-0D49-4F86-B6F9-F44FF3D28A41} = {361DB7BE-4327-4AE0-ABD3-C5E5FBB140C1}
		{B1D432E5-15D2-4CEC-BAC1-39BE8B1009A1} = {361DB7BE-4327-4AE0-ABD3-C5E5FBB140C1}
		{4BD2930A-24F2-44A1-BE1D-71B54ABBD255} = {94B3BBCD-71C9-4829-B609-268185A16F77}
		{E52EB7CA-6AD0-4D72-80E5-5B7AACF2D2B6} = {FAC50057-F09B-4F3C-BA65-E065E1BFBFD2}
		{4E8A1B65-9BCE-406E-BAF5-660284B358B8} = {CCF86FA4-25F2-489E-8C6E-36EF4BCE99EF}
	EndGlobalSection
EndGlobal
