
Microsoft Visual Studio Solution File, Format Version 12.00
Project("{FAE04EC0-301F-11D3-BF4B-00C04F79EFBC}") = "Task1A", "Task1A\Task1A.csproj", "{35EFE217-CC05-428F-AC04-A4548F1B9844}"
EndProject
Project("{2150E333-8FDC-42A3-9474-1A3956D46DE8}") = "Task1.CSharpBase", "Task1.CSharpBase", "{4EF4E435-A9C0-4695-8F8F-750EBD806458}"
EndProject
Project("{FAE04EC0-301F-11D3-BF4B-00C04F79EFBC}") = "Task1B", "Task1B\Task1B.csproj", "{3A6EE1FD-7486-4C15-8F5B-CEA01AAD775E}"
EndProject
Project("{FAE04EC0-301F-11D3-BF4B-00C04F79EFBC}") = "Task1", "Task1\Task1.csproj", "{C95DFE45-152C-4FE6-AFC2-BB08451321CF}"
EndProject
Project("{FAE04EC0-301F-11D3-BF4B-00C04F79EFBC}") = "Task2", "Task2\Task2.csproj", "{20CD2123-6EF9-4788-8961-BFA0366A282B}"
EndProject
Project("{FAE04EC0-301F-11D3-BF4B-00C04F79EFBC}") = "Task3", "Task3\Task3.csproj", "{9DC1DF50-0E6A-4D72-BC16-6988E82CA71D}"
EndProject
Project("{FAE04EC0-301F-11D3-BF4B-00C04F79EFBC}") = "Task4", "Task4\Task4.csproj", "{9F046D12-8A16-4BC0-8ABC-13E75A5E5336}"
EndProject
Project("{FAE04EC0-301F-11D3-BF4B-00C04F79EFBC}") = "Task5", "Task5\Task5.csproj", "{1868E73F-4897-4569-9A4F-C3FEE7A7DCD6}"
EndProject
Project("{FAE04EC0-301F-11D3-BF4B-00C04F79EFBC}") = "Task6", "Task6\Task6.csproj", "{BFDBB70E-CE72-4E35-B979-4E297396A265}"
EndProject
Global
	GlobalSection(SolutionConfigurationPlatforms) = preSolution
		Debug|Any CPU = Debug|Any CPU
		Release|Any CPU = Release|Any CPU
	EndGlobalSection
	GlobalSection(ProjectConfigurationPlatforms) = postSolution
		{35EFE217-CC05-428F-AC04-A4548F1B9844}.Debug|Any CPU.ActiveCfg = Debug|Any CPU
		{35EFE217-CC05-428F-AC04-A4548F1B9844}.Debug|Any CPU.Build.0 = Debug|Any CPU
		{35EFE217-CC05-428F-AC04-A4548F1B9844}.Release|Any CPU.ActiveCfg = Release|Any CPU
		{35EFE217-CC05-428F-AC04-A4548F1B9844}.Release|Any CPU.Build.0 = Release|Any CPU
		{3A6EE1FD-7486-4C15-8F5B-CEA01AAD775E}.Debug|Any CPU.ActiveCfg = Debug|Any CPU
		{3A6EE1FD-7486-4C15-8F5B-CEA01AAD775E}.Debug|Any CPU.Build.0 = Debug|Any CPU
		{3A6EE1FD-7486-4C15-8F5B-CEA01AAD775E}.Release|Any CPU.ActiveCfg = Release|Any CPU
		{3A6EE1FD-7486-4C15-8F5B-CEA01AAD775E}.Release|Any CPU.Build.0 = Release|Any CPU
		{C95DFE45-152C-4FE6-AFC2-BB08451321CF}.Debug|Any CPU.ActiveCfg = Debug|Any CPU
		{C95DFE45-152C-4FE6-AFC2-BB08451321CF}.Debug|Any CPU.Build.0 = Debug|Any CPU
		{C95DFE45-152C-4FE6-AFC2-BB08451321CF}.Release|Any CPU.ActiveCfg = Release|Any CPU
		{C95DFE45-152C-4FE6-AFC2-BB08451321CF}.Release|Any CPU.Build.0 = Release|Any CPU
		{20CD2123-6EF9-4788-8961-BFA0366A282B}.Debug|Any CPU.ActiveCfg = Debug|Any CPU
		{20CD2123-6EF9-4788-8961-BFA0366A282B}.Debug|Any CPU.Build.0 = Debug|Any CPU
		{20CD2123-6EF9-4788-8961-BFA0366A282B}.Release|Any CPU.ActiveCfg = Release|Any CPU
		{20CD2123-6EF9-4788-8961-BFA0366A282B}.Release|Any CPU.Build.0 = Release|Any CPU
		{9DC1DF50-0E6A-4D72-BC16-6988E82CA71D}.Debug|Any CPU.ActiveCfg = Debug|Any CPU
		{9DC1DF50-0E6A-4D72-BC16-6988E82CA71D}.Debug|Any CPU.Build.0 = Debug|Any CPU
		{9DC1DF50-0E6A-4D72-BC16-6988E82CA71D}.Release|Any CPU.ActiveCfg = Release|Any CPU
		{9DC1DF50-0E6A-4D72-BC16-6988E82CA71D}.Release|Any CPU.Build.0 = Release|Any CPU
		{9F046D12-8A16-4BC0-8ABC-13E75A5E5336}.Debug|Any CPU.ActiveCfg = Debug|Any CPU
		{9F046D12-8A16-4BC0-8ABC-13E75A5E5336}.Debug|Any CPU.Build.0 = Debug|Any CPU
		{9F046D12-8A16-4BC0-8ABC-13E75A5E5336}.Release|Any CPU.ActiveCfg = Release|Any CPU
		{9F046D12-8A16-4BC0-8ABC-13E75A5E5336}.Release|Any CPU.Build.0 = Release|Any CPU
		{1868E73F-4897-4569-9A4F-C3FEE7A7DCD6}.Debug|Any CPU.ActiveCfg = Debug|Any CPU
		{1868E73F-4897-4569-9A4F-C3FEE7A7DCD6}.Debug|Any CPU.Build.0 = Debug|Any CPU
		{1868E73F-4897-4569-9A4F-C3FEE7A7DCD6}.Release|Any CPU.ActiveCfg = Release|Any CPU
		{1868E73F-4897-4569-9A4F-C3FEE7A7DCD6}.Release|Any CPU.Build.0 = Release|Any CPU
		{BFDBB70E-CE72-4E35-B979-4E297396A265}.Debug|Any CPU.ActiveCfg = Debug|Any CPU
		{BFDBB70E-CE72-4E35-B979-4E297396A265}.Debug|Any CPU.Build.0 = Debug|Any CPU
		{BFDBB70E-CE72-4E35-B979-4E297396A265}.Release|Any CPU.ActiveCfg = Release|Any CPU
		{BFDBB70E-CE72-4E35-B979-4E297396A265}.Release|Any CPU.Build.0 = Release|Any CPU
	EndGlobalSection
	GlobalSection(NestedProjects) = preSolution
		{35EFE217-CC05-428F-AC04-A4548F1B9844} = {4EF4E435-A9C0-4695-8F8F-750EBD806458}
		{3A6EE1FD-7486-4C15-8F5B-CEA01AAD775E} = {4EF4E435-A9C0-4695-8F8F-750EBD806458}
		{C95DFE45-152C-4FE6-AFC2-BB08451321CF} = {4EF4E435-A9C0-4695-8F8F-750EBD806458}
		{20CD2123-6EF9-4788-8961-BFA0366A282B} = {4EF4E435-A9C0-4695-8F8F-750EBD806458}
		{9DC1DF50-0E6A-4D72-BC16-6988E82CA71D} = {4EF4E435-A9C0-4695-8F8F-750EBD806458}
		{9F046D12-8A16-4BC0-8ABC-13E75A5E5336} = {4EF4E435-A9C0-4695-8F8F-750EBD806458}
		{1868E73F-4897-4569-9A4F-C3FEE7A7DCD6} = {4EF4E435-A9C0-4695-8F8F-750EBD806458}
		{BFDBB70E-CE72-4E35-B979-4E297396A265} = {4EF4E435-A9C0-4695-8F8F-750EBD806458}
	EndGlobalSection
EndGlobal
